{
  "requires": true,
  "lockfileVersion": 1,
  "dependencies": {
    "phaser3-progressbar": {
      "version": "1.0.1",
      "resolved": "https://registry.npmjs.org/phaser3-progressbar/-/phaser3-progressbar-1.0.1.tgz",
      "integrity": "sha512-fBpX1c8zCcfPVa6TTI0sxIn3LoeZq/W2lFebFmGjwIu95NrgSFDaKxWLNXTY29h0MQW/6SACdCCPGw+wJ0oEjQ==",
      "dev": true
    }
  }
}
